// !$*UTF8*$!
{
	archiveVersion = 1;
	classes = {
	};
	objectVersion = 50;
	objects = {

/* Begin PBXBuildFile section */
		A780F54023D640ED00F6E464 /* AppDelegate.swift in Sources */ = {isa = PBXBuildFile; fileRef = A780F53F23D640ED00F6E464 /* AppDelegate.swift */; };
		A780F54223D640ED00F6E464 /* SceneDelegate.swift in Sources */ = {isa = PBXBuildFile; fileRef = A780F54123D640ED00F6E464 /* SceneDelegate.swift */; };
		A780F54423D640ED00F6E464 /* ViewController.swift in Sources */ = {isa = PBXBuildFile; fileRef = A780F54323D640ED00F6E464 /* ViewController.swift */; };
		A780F54723D640ED00F6E464 /* Main.storyboard in Resources */ = {isa = PBXBuildFile; fileRef = A780F54523D640ED00F6E464 /* Main.storyboard */; };
		A780F54923D640F200F6E464 /* Assets.xcassets in Resources */ = {isa = PBXBuildFile; fileRef = A780F54823D640F200F6E464 /* Assets.xcassets */; };
		A780F54C23D640F200F6E464 /* LaunchScreen.storyboard in Resources */ = {isa = PBXBuildFile; fileRef = A780F54A23D640F200F6E464 /* LaunchScreen.storyboard */; };
		A780F55723D640F200F6E464 /* FlixTests.swift in Sources */ = {isa = PBXBuildFile; fileRef = A780F55623D640F200F6E464 /* FlixTests.swift */; };
		A780F56223D640F200F6E464 /* FlixUITests.swift in Sources */ = {isa = PBXBuildFile; fileRef = A780F56123D640F200F6E464 /* FlixUITests.swift */; };
/* End PBXBuildFile section */

/* Begin PBXContainerItemProxy section */
		A780F55323D640F200F6E464 /* PBXContainerItemProxy */ = {
			isa = PBXContainerItemProxy;
			containerPortal = A780F53423D640ED00F6E464 /* Project object */;
			proxyType = 1;
			remoteGlobalIDString = A780F53B23D640ED00F6E464;
			remoteInfo = Flix;
		};
		A780F55E23D640F200F6E464 /* PBXContainerItemProxy */ = {
			isa = PBXContainerItemProxy;
			containerPortal = A780F53423D640ED00F6E464 /* Project object */;
			proxyType = 1;
			remoteGlobalIDString = A780F53B23D640ED00F6E464;
			remoteInfo = Flix;
		};
/* End PBXContainerItemProxy section */

/* Begin PBXFileReference section */
		A780F53C23D640ED00F6E464 /* Flix.app */ = {isa = PBXFileReference; explicitFileType = wrapper.application; includeInIndex = 0; path = Flix.app; sourceTree = BUILT_PRODUCTS_DIR; };
		A780F53F23D640ED00F6E464 /* AppDelegate.swift */ = {isa = PBXFileReference; lastKnownFileType = sourcecode.swift; path = AppDelegate.swift; sourceTree = "<group>"; };
		A780F54123D640ED00F6E464 /* SceneDelegate.swift */ = {isa = PBXFileReference; lastKnownFileType = sourcecode.swift; path = SceneDelegate.swift; sourceTree = "<group>"; };
		A780F54323D640ED00F6E464 /* ViewController.swift */ = {isa = PBXFileReference; lastKnownFileType = sourcecode.swift; path = ViewController.swift; sourceTree = "<group>"; };
		A780F54623D640ED00F6E464 /* Base */ = {isa = PBXFileReference; lastKnownFileType = file.storyboard; name = Base; path = Base.lproj/Main.storyboard; sourceTree = "<group>"; };
		A780F54823D640F200F6E464 /* Assets.xcassets */ = {isa = PBXFileReference; lastKnownFileType = folder.assetcatalog; path = Assets.xcassets; sourceTree = "<group>"; };
		A780F54B23D640F200F6E464 /* Base */ = {isa = PBXFileReference; lastKnownFileType = file.storyboard; name = Base; path = Base.lproj/LaunchScreen.storyboard; sourceTree = "<group>"; };
		A780F54D23D640F200F6E464 /* Info.plist */ = {isa = PBXFileReference; lastKnownFileType = text.plist.xml; path = Info.plist; sourceTree = "<group>"; };
		A780F55223D640F200F6E464 /* FlixTests.xctest */ = {isa = PBXFileReference; explicitFileType = wrapper.cfbundle; includeInIndex = 0; path = FlixTests.xctest; sourceTree = BUILT_PRODUCTS_DIR; };
		A780F55623D640F200F6E464 /* FlixTests.swift */ = {isa = PBXFileReference; lastKnownFileType = sourcecode.swift; path = FlixTests.swift; sourceTree = "<group>"; };
		A780F55823D640F200F6E464 /* Info.plist */ = {isa = PBXFileReference; lastKnownFileType = text.plist.xml; path = Info.plist; sourceTree = "<group>"; };
		A780F55D23D640F200F6E464 /* FlixUITests.xctest */ = {isa = PBXFileReference; explicitFileType = wrapper.cfbundle; includeInIndex = 0; path = FlixUITests.xctest; sourceTree = BUILT_PRODUCTS_DIR; };
		A780F56123D640F200F6E464 /* FlixUITests.swift */ = {isa = PBXFileReference; lastKnownFileType = sourcecode.swift; path = FlixUITests.swift; sourceTree = "<group>"; };
		A780F56323D640F200F6E464 /* Info.plist */ = {isa = PBXFileReference; lastKnownFileType = text.plist.xml; path = Info.plist; sourceTree = "<group>"; };
/* End PBXFileReference section */

/* Begin PBXFrameworksBuildPhase section */
		A780F53923D640ED00F6E464 /* Frameworks */ = {
			isa = PBXFrameworksBuildPhase;
			buildActionMask = 2147483647;
			files = (
			);
			runOnlyForDeploymentPostprocessing = 0;
		};
		A780F54F23D640F200F6E464 /* Frameworks */ = {
			isa = PBXFrameworksBuildPhase;
			buildActionMask = 2147483647;
			files = (
			);
			runOnlyForDeploymentPostprocessing = 0;
		};
		A780F55A23D640F200F6E464 /* Frameworks */ = {
			isa = PBXFrameworksBuildPhase;
			buildActionMask = 2147483647;
			files = (
			);
			runOnlyForDeploymentPostprocessing = 0;
		};
/* End PBXFrameworksBuildPhase section */

/* Begin PBXGroup section */
		A780F53323D640ED00F6E464 = {
			isa = PBXGroup;
			children = (
				A780F53E23D640ED00F6E464 /* Flix */,
				A780F55523D640F200F6E464 /* FlixTests */,
				A780F56023D640F200F6E464 /* FlixUITests */,
				A780F53D23D640ED00F6E464 /* Products */,
			);
			sourceTree = "<group>";
		};
		A780F53D23D640ED00F6E464 /* Products */ = {
			isa = PBXGroup;
			children = (
				A780F53C23D640ED00F6E464 /* Flix.app */,
				A780F55223D640F200F6E464 /* FlixTests.xctest */,
				A780F55D23D640F200F6E464 /* FlixUITests.xctest */,
			);
			name = Products;
			sourceTree = "<group>";
		};
		A780F53E23D640ED00F6E464 /* Flix */ = {
			isa = PBXGroup;
			children = (
				A780F53F23D640ED00F6E464 /* AppDelegate.swift */,
				A780F54123D640ED00F6E464 /* SceneDelegate.swift */,
				A780F54323D640ED00F6E464 /* ViewController.swift */,
				A780F54523D640ED00F6E464 /* Main.storyboard */,
				A780F54823D640F200F6E464 /* Assets.xcassets */,
				A780F54A23D640F200F6E464 /* LaunchScreen.storyboard */,
				A780F54D23D640F200F6E464 /* Info.plist */,
			);
			path = Flix;
			sourceTree = "<group>";
		};
		A780F55523D640F200F6E464 /* FlixTests */ = {
			isa = PBXGroup;
			children = (
				A780F55623D640F200F6E464 /* FlixTests.swift */,
				A780F55823D640F200F6E464 /* Info.plist */,
			);
			path = FlixTests;
			sourceTree = "<group>";
		};
		A780F56023D640F200F6E464 /* FlixUITests */ = {
			isa = PBXGroup;
			children = (
				A780F56123D640F200F6E464 /* FlixUITests.swift */,
				A780F56323D640F200F6E464 /* Info.plist */,
			);
			path = FlixUITests;
			sourceTree = "<group>";
		};
/* End PBXGroup section */

/* Begin PBXNativeTarget section */
		A780F53B23D640ED00F6E464 /* Flix */ = {
			isa = PBXNativeTarget;
			buildConfigurationList = A780F56623D640F200F6E464 /* Build configuration list for PBXNativeTarget "Flix" */;
			buildPhases = (
				A780F53823D640ED00F6E464 /* Sources */,
				A780F53923D640ED00F6E464 /* Frameworks */,
				A780F53A23D640ED00F6E464 /* Resources */,
			);
			buildRules = (
			);
			dependencies = (
			);
			name = Flix;
			productName = Flix;
			productReference = A780F53C23D640ED00F6E464 /* Flix.app */;
			productType = "com.apple.product-type.application";
		};
		A780F55123D640F200F6E464 /* FlixTests */ = {
			isa = PBXNativeTarget;
			buildConfigurationList = A780F56923D640F200F6E464 /* Build configuration list for PBXNativeTarget "FlixTests" */;
			buildPhases = (
				A780F54E23D640F200F6E464 /* Sources */,
				A780F54F23D640F200F6E464 /* Frameworks */,
				A780F55023D640F200F6E464 /* Resources */,
			);
			buildRules = (
			);
			dependencies = (
				A780F55423D640F200F6E464 /* PBXTargetDependency */,
			);
			name = FlixTests;
			productName = FlixTests;
			productReference = A780F55223D640F200F6E464 /* FlixTests.xctest */;
			productType = "com.apple.product-type.bundle.unit-test";
		};
		A780F55C23D640F200F6E464 /* FlixUITests */ = {
			isa = PBXNativeTarget;
			buildConfigurationList = A780F56C23D640F200F6E464 /* Build configuration list for PBXNativeTarget "FlixUITests" */;
			buildPhases = (
				A780F55923D640F200F6E464 /* Sources */,
				A780F55A23D640F200F6E464 /* Frameworks */,
				A780F55B23D640F200F6E464 /* Resources */,
			);
			buildRules = (
			);
			dependencies = (
				A780F55F23D640F200F6E464 /* PBXTargetDependency */,
			);
			name = FlixUITests;
			productName = FlixUITests;
			productReference = A780F55D23D640F200F6E464 /* FlixUITests.xctest */;
			productType = "com.apple.product-type.bundle.ui-testing";
		};
/* End PBXNativeTarget section */

/* Begin PBXProject section */
		A780F53423D640ED00F6E464 /* Project object */ = {
			isa = PBXProject;
			attributes = {
				LastSwiftUpdateCheck = 1100;
				LastUpgradeCheck = 1100;
				ORGANIZATIONNAME = "Kaylee Deng";
				TargetAttributes = {
					A780F53B23D640ED00F6E464 = {
						CreatedOnToolsVersion = 11.0;
					};
					A780F55123D640F200F6E464 = {
						CreatedOnToolsVersion = 11.0;
						TestTargetID = A780F53B23D640ED00F6E464;
					};
					A780F55C23D640F200F6E464 = {
						CreatedOnToolsVersion = 11.0;
						TestTargetID = A780F53B23D640ED00F6E464;
					};
				};
			};
			buildConfigurationList = A780F53723D640ED00F6E464 /* Build configuration list for PBXProject "Flix" */;
			compatibilityVersion = "Xcode 9.3";
			developmentRegion = en;
			hasScannedForEncodings = 0;
			knownRegions = (
				en,
				Base,
			);
			mainGroup = A780F53323D640ED00F6E464;
			productRefGroup = A780F53D23D640ED00F6E464 /* Products */;
			projectDirPath = "";
			projectRoot = "";
			targets = (
				A780F53B23D640ED00F6E464 /* Flix */,
				A780F55123D640F200F6E464 /* FlixTests */,
				A780F55C23D640F200F6E464 /* FlixUITests */,
			);
		};
/* End PBXProject section */

/* Begin PBXResourcesBuildPhase section */
		A780F53A23D640ED00F6E464 /* Resources */ = {
			isa = PBXResourcesBuildPhase;
			buildActionMask = 2147483647;
			files = (
				A780F54C23D640F200F6E464 /* LaunchScreen.storyboard in Resources */,
				A780F54923D640F200F6E464 /* Assets.xcassets in Resources */,
				A780F54723D640ED00F6E464 /* Main.storyboard in Resources */,
			);
			runOnlyForDeploymentPostprocessing = 0;
		};
		A780F55023D640F200F6E464 /* Resources */ = {
			isa = PBXResourcesBuildPhase;
			buildActionMask = 2147483647;
			files = (
			);
			runOnlyForDeploymentPostprocessing = 0;
		};
		A780F55B23D640F200F6E464 /* Resources */ = {
			isa = PBXResourcesBuildPhase;
			buildActionMask = 2147483647;
			files = (
			);
			runOnlyForDeploymentPostprocessing = 0;
		};
/* End PBXResourcesBuildPhase section */

/* Begin PBXSourcesBuildPhase section */
		A780F53823D640ED00F6E464 /* Sources */ = {
			isa = PBXSourcesBuildPhase;
			buildActionMask = 2147483647;
			files = (
				A780F54423D640ED00F6E464 /* ViewController.swift in Sources */,
				A780F54023D640ED00F6E464 /* AppDelegate.swift in Sources */,
				A780F54223D640ED00F6E464 /* SceneDelegate.swift in Sources */,
			);
			runOnlyForDeploymentPostprocessing = 0;
		};
		A780F54E23D640F200F6E464 /* Sources */ = {
			isa = PBXSourcesBuildPhase;
			buildActionMask = 2147483647;
			files = (
				A780F55723D640F200F6E464 /* FlixTests.swift in Sources */,
			);
			runOnlyForDeploymentPostprocessing = 0;
		};
		A780F55923D640F200F6E464 /* Sources */ = {
			isa = PBXSourcesBuildPhase;
			buildActionMask = 2147483647;
			files = (
				A780F56223D640F200F6E464 /* FlixUITests.swift in Sources */,
			);
			runOnlyForDeploymentPostprocessing = 0;
		};
/* End PBXSourcesBuildPhase section */

/* Begin PBXTargetDependency section */
		A780F55423D640F200F6E464 /* PBXTargetDependency */ = {
			isa = PBXTargetDependency;
			target = A780F53B23D640ED00F6E464 /* Flix */;
			targetProxy = A780F55323D640F200F6E464 /* PBXContainerItemProxy */;
		};
		A780F55F23D640F200F6E464 /* PBXTargetDependency */ = {
			isa = PBXTargetDependency;
			target = A780F53B23D640ED00F6E464 /* Flix */;
			targetProxy = A780F55E23D640F200F6E464 /* PBXContainerItemProxy */;
		};
/* End PBXTargetDependency section */

/* Begin PBXVariantGroup section */
		A780F54523D640ED00F6E464 /* Main.storyboard */ = {
			isa = PBXVariantGroup;
			children = (
				A780F54623D640ED00F6E464 /* Base */,
			);
			name = Main.storyboard;
			sourceTree = "<group>";
		};
		A780F54A23D640F200F6E464 /* LaunchScreen.storyboard */ = {
			isa = PBXVariantGroup;
			children = (
				A780F54B23D640F200F6E464 /* Base */,
			);
			name = LaunchScreen.storyboard;
			sourceTree = "<group>";
		};
/* End PBXVariantGroup section */

/* Begin XCBuildConfiguration section */
		A780F56423D640F200F6E464 /* Debug */ = {
			isa = XCBuildConfiguration;
			buildSettings = {
				ALWAYS_SEARCH_USER_PATHS = NO;
				CLANG_ANALYZER_NONNULL = YES;
				CLANG_ANALYZER_NUMBER_OBJECT_CONVERSION = YES_AGGRESSIVE;
				CLANG_CXX_LANGUAGE_STANDARD = "gnu++14";
				CLANG_CXX_LIBRARY = "libc++";
				CLANG_ENABLE_MODULES = YES;
				CLANG_ENABLE_OBJC_ARC = YES;
				CLANG_ENABLE_OBJC_WEAK = YES;
				CLANG_WARN_BLOCK_CAPTURE_AUTORELEASING = YES;
				CLANG_WARN_BOOL_CONVERSION = YES;
				CLANG_WARN_COMMA = YES;
				CLANG_WARN_CONSTANT_CONVERSION = YES;
				CLANG_WARN_DEPRECATED_OBJC_IMPLEMENTATIONS = YES;
				CLANG_WARN_DIRECT_OBJC_ISA_USAGE = YES_ERROR;
				CLANG_WARN_DOCUMENTATION_COMMENTS = YES;
				CLANG_WARN_EMPTY_BODY = YES;
				CLANG_WARN_ENUM_CONVERSION = YES;
				CLANG_WARN_INFINITE_RECURSION = YES;
				CLANG_WARN_INT_CONVERSION = YES;
				CLANG_WARN_NON_LITERAL_NULL_CONVERSION = YES;
				CLANG_WARN_OBJC_IMPLICIT_RETAIN_SELF = YES;
				CLANG_WARN_OBJC_LITERAL_CONVERSION = YES;
				CLANG_WARN_OBJC_ROOT_CLASS = YES_ERROR;
				CLANG_WARN_RANGE_LOOP_ANALYSIS = YES;
				CLANG_WARN_STRICT_PROTOTYPES = YES;
				CLANG_WARN_SUSPICIOUS_MOVE = YES;
				CLANG_WARN_UNGUARDED_AVAILABILITY = YES_AGGRESSIVE;
				CLANG_WARN_UNREACHABLE_CODE = YES;
				CLANG_WARN__DUPLICATE_METHOD_MATCH = YES;
				COPY_PHASE_STRIP = NO;
				DEBUG_INFORMATION_FORMAT = dwarf;
				ENABLE_STRICT_OBJC_MSGSEND = YES;
				ENABLE_TESTABILITY = YES;
				GCC_C_LANGUAGE_STANDARD = gnu11;
				GCC_DYNAMIC_NO_PIC = NO;
				GCC_NO_COMMON_BLOCKS = YES;
				GCC_OPTIMIZATION_LEVEL = 0;
				GCC_PREPROCESSOR_DEFINITIONS = (
					"DEBUG=1",
					"$(inherited)",
				);
				GCC_WARN_64_TO_32_BIT_CONVERSION = YES;
				GCC_WARN_ABOUT_RETURN_TYPE = YES_ERROR;
				GCC_WARN_UNDECLARED_SELECTOR = YES;
				GCC_WARN_UNINITIALIZED_AUTOS = YES_AGGRESSIVE;
				GCC_WARN_UNUSED_FUNCTION = YES;
				GCC_WARN_UNUSED_VARIABLE = YES;
				IPHONEOS_DEPLOYMENT_TARGET = 13.0;
				MTL_ENABLE_DEBUG_INFO = INCLUDE_SOURCE;
				MTL_FAST_MATH = YES;
				ONLY_ACTIVE_ARCH = YES;
				SDKROOT = iphoneos;
				SWIFT_ACTIVE_COMPILATION_CONDITIONS = DEBUG;
				SWIFT_OPTIMIZATION_LEVEL = "-Onone";
			};
			name = Debug;
		};
		A780F56523D640F200F6E464 /* Release */ = {
			isa = XCBuildConfiguration;
			buildSettings = {
				ALWAYS_SEARCH_USER_PATHS = NO;
				CLANG_ANALYZER_NONNULL = YES;
				CLANG_ANALYZER_NUMBER_OBJECT_CONVERSION = YES_AGGRESSIVE;
				CLANG_CXX_LANGUAGE_STANDARD = "gnu++14";
				CLANG_CXX_LIBRARY = "libc++";
				CLANG_ENABLE_MODULES = YES;
				CLANG_ENABLE_OBJC_ARC = YES;
				CLANG_ENABLE_OBJC_WEAK = YES;
				CLANG_WARN_BLOCK_CAPTURE_AUTORELEASING = YES;
				CLANG_WARN_BOOL_CONVERSION = YES;
				CLANG_WARN_COMMA = YES;
				CLANG_WARN_CONSTANT_CONVERSION = YES;
				CLANG_WARN_DEPRECATED_OBJC_IMPLEMENTATIONS = YES;
				CLANG_WARN_DIRECT_OBJC_ISA_USAGE = YES_ERROR;
				CLANG_WARN_DOCUMENTATION_COMMENTS = YES;
				CLANG_WARN_EMPTY_BODY = YES;
				CLANG_WARN_ENUM_CONVERSION = YES;
				CLANG_WARN_INFINITE_RECURSION = YES;
				CLANG_WARN_INT_CONVERSION = YES;
				CLANG_WARN_NON_LITERAL_NULL_CONVERSION = YES;
				CLANG_WARN_OBJC_IMPLICIT_RETAIN_SELF = YES;
				CLANG_WARN_OBJC_LITERAL_CONVERSION = YES;
				CLANG_WARN_OBJC_ROOT_CLASS = YES_ERROR;
				CLANG_WARN_RANGE_LOOP_ANALYSIS = YES;
				CLANG_WARN_STRICT_PROTOTYPES = YES;
				CLANG_WARN_SUSPICIOUS_MOVE = YES;
				CLANG_WARN_UNGUARDED_AVAILABILITY = YES_AGGRESSIVE;
				CLANG_WARN_UNREACHABLE_CODE = YES;
				CLANG_WARN__DUPLICATE_METHOD_MATCH = YES;
				COPY_PHASE_STRIP = NO;
				DEBUG_INFORMATION_FORMAT = "dwarf-with-dsym";
				ENABLE_NS_ASSERTIONS = NO;
				ENABLE_STRICT_OBJC_MSGSEND = YES;
				GCC_C_LANGUAGE_STANDARD = gnu11;
				GCC_NO_COMMON_BLOCKS = YES;
				GCC_WARN_64_TO_32_BIT_CONVERSION = YES;
				GCC_WARN_ABOUT_RETURN_TYPE = YES_ERROR;
				GCC_WARN_UNDECLARED_SELECTOR = YES;
				GCC_WARN_UNINITIALIZED_AUTOS = YES_AGGRESSIVE;
				GCC_WARN_UNUSED_FUNCTION = YES;
				GCC_WARN_UNUSED_VARIABLE = YES;
				IPHONEOS_DEPLOYMENT_TARGET = 13.0;
				MTL_ENABLE_DEBUG_INFO = NO;
				MTL_FAST_MATH = YES;
				SDKROOT = iphoneos;
				SWIFT_COMPILATION_MODE = wholemodule;
				SWIFT_OPTIMIZATION_LEVEL = "-O";
				VALIDATE_PRODUCT = YES;
			};
			name = Release;
		};
		A780F56723D640F200F6E464 /* Debug */ = {
			isa = XCBuildConfiguration;
			buildSettings = {
				ASSETCATALOG_COMPILER_APPICON_NAME = AppIcon;
				CODE_SIGN_STYLE = Automatic;
				INFOPLIST_FILE = Flix/Info.plist;
				LD_RUNPATH_SEARCH_PATHS = (
					"$(inherited)",
					"@executable_path/Frameworks",
				);
				PRODUCT_BUNDLE_IDENTIFIER = project.Flix;
				PRODUCT_NAME = "$(TARGET_NAME)";
				SWIFT_VERSION = 5.0;
				TARGETED_DEVICE_FAMILY = "1,2";
			};
			name = Debug;
		};
		A780F56823D640F200F6E464 /* Release */ = {
			isa = XCBuildConfiguration;
			buildSettings = {
				ASSETCATALOG_COMPILER_APPICON_NAME = AppIcon;
				CODE_SIGN_STYLE = Automatic;
				INFOPLIST_FILE = Flix/Info.plist;
				LD_RUNPATH_SEARCH_PATHS = (
					"$(inherited)",
					"@executable_path/Frameworks",
				);
				PRODUCT_BUNDLE_IDENTIFIER = project.Flix;
				PRODUCT_NAME = "$(TARGET_NAME)";
				SWIFT_VERSION = 5.0;
				TARGETED_DEVICE_FAMILY = "1,2";
			};
			name = Release;
		};
		A780F56A23D640F200F6E464 /* Debug */ = {
			isa = XCBuildConfiguration;
			buildSettings = {
				ALWAYS_EMBED_SWIFT_STANDARD_LIBRARIES = YES;
				BUNDLE_LOADER = "$(TEST_HOST)";
				CODE_SIGN_STYLE = Automatic;
				INFOPLIST_FILE = FlixTests/Info.plist;
				IPHONEOS_DEPLOYMENT_TARGET = 13.0;
				LD_RUNPATH_SEARCH_PATHS = (
					"$(inherited)",
					"@executable_path/Frameworks",
					"@loader_path/Frameworks",
				);
				PRODUCT_BUNDLE_IDENTIFIER = project.FlixTests;
				PRODUCT_NAME = "$(TARGET_NAME)";
				SWIFT_VERSION = 5.0;
				TARGETED_DEVICE_FAMILY = "1,2";
				TEST_HOST = "$(BUILT_PRODUCTS_DIR)/Flix.app/Flix";
			};
			name = Debug;
		};
		A780F56B23D640F200F6E464 /* Release */ = {
			isa = XCBuildConfiguration;
			buildSettings = {
				ALWAYS_EMBED_SWIFT_STANDARD_LIBRARIES = YES;
				BUNDLE_LOADER = "$(TEST_HOST)";
				CODE_SIGN_STYLE = Automatic;
				INFOPLIST_FILE = FlixTests/Info.plist;
				IPHONEOS_DEPLOYMENT_TARGET = 13.0;
				LD_RUNPATH_SEARCH_PATHS = (
					"$(inherited)",
					"@executable_path/Frameworks",
					"@loader_path/Frameworks",
				);
				PRODUCT_BUNDLE_IDENTIFIER = project.FlixTests;
				PRODUCT_NAME = "$(TARGET_NAME)";
				SWIFT_VERSION = 5.0;
				TARGETED_DEVICE_FAMILY = "1,2";
				TEST_HOST = "$(BUILT_PRODUCTS_DIR)/Flix.app/Flix";
			};
			name = Release;
		};
		A780F56D23D640F200F6E464 /* Debug */ = {
			isa = XCBuildConfiguration;
			buildSettings = {
				ALWAYS_EMBED_SWIFT_STANDARD_LIBRARIES = YES;
				CODE_SIGN_STYLE = Automatic;
				INFOPLIST_FILE = FlixUITests/Info.plist;
				LD_RUNPATH_SEARCH_PATHS = (
					"$(inherited)",
					"@executable_path/Frameworks",
					"@loader_path/Frameworks",
				);
				PRODUCT_BUNDLE_IDENTIFIER = project.FlixUITests;
				PRODUCT_NAME = "$(TARGET_NAME)";
				SWIFT_VERSION = 5.0;
				TARGETED_DEVICE_FAMILY = "1,2";
				TEST_TARGET_NAME = Flix;
			};
			name = Debug;
		};
		A780F56E23D640F200F6E464 /* Release */ = {
			isa = XCBuildConfiguration;
			buildSettings = {
				ALWAYS_EMBED_SWIFT_STANDARD_LIBRARIES = YES;
				CODE_SIGN_STYLE = Automatic;
				INFOPLIST_FILE = FlixUITests/Info.plist;
				LD_RUNPATH_SEARCH_PATHS = (
					"$(inherited)",
					"@executable_path/Frameworks",
					"@loader_path/Frameworks",
				);
				PRODUCT_BUNDLE_IDENTIFIER = project.FlixUITests;
				PRODUCT_NAME = "$(TARGET_NAME)";
				SWIFT_VERSION = 5.0;
				TARGETED_DEVICE_FAMILY = "1,2";
				TEST_TARGET_NAME = Flix;
			};
			name = Release;
		};
/* End XCBuildConfiguration section */

/* Begin XCConfigurationList section */
		A780F53723D640ED00F6E464 /* Build configuration list for PBXProject "Flix" */ = {
			isa = XCConfigurationList;
			buildConfigurations = (
				A780F56423D640F200F6E464 /* Debug */,
				A780F56523D640F200F6E464 /* Release */,
			);
			defaultConfigurationIsVisible = 0;
			defaultConfigurationName = Release;
		};
		A780F56623D640F200F6E464 /* Build configuration list for PBXNativeTarget "Flix" */ = {
			isa = XCConfigurationList;
			buildConfigurations = (
				A780F56723D640F200F6E464 /* Debug */,
				A780F56823D640F200F6E464 /* Release */,
			);
			defaultConfigurationIsVisible = 0;
			defaultConfigurationName = Release;
		};
		A780F56923D640F200F6E464 /* Build configuration list for PBXNativeTarget "FlixTests" */ = {
			isa = XCConfigurationList;
			buildConfigurations = (
				A780F56A23D640F200F6E464 /* Debug */,
				A780F56B23D640F200F6E464 /* Release */,
			);
			defaultConfigurationIsVisible = 0;
			defaultConfigurationName = Release;
		};
		A780F56C23D640F200F6E464 /* Build configuration list for PBXNativeTarget "FlixUITests" */ = {
			isa = XCConfigurationList;
			buildConfigurations = (
				A780F56D23D640F200F6E464 /* Debug */,
				A780F56E23D640F200F6E464 /* Release */,
			);
			defaultConfigurationIsVisible = 0;
			defaultConfigurationName = Release;
		};
/* End XCConfigurationList section */
	};
	rootObject = A780F53423D640ED00F6E464 /* Project object */;
}
